{
  "name": "tester-service",
  "version": "1.0.0",
  "lockfileVersion": 3,
  "requires": true,
  "packages": {
    "": {
      "name": "tester-service",
      "version": "1.0.0",
      "license": "MIT",
      "dependencies": {
        "pipeline-runner": "file:../pipeline-runner"
      },
      "bin": {
        "tester-service": "bin/tester-service.js"
      },
      "engines": {
        "node": ">=18"
      }
    },
    "../pipeline-runner": {
      "version": "1.0.0",
      "license": "MIT",
      "bin": {
        "pipeline-runner": "bin/pipeline-runner.js"
      },
      "engines": {
        "node": ">=18"
      }
    },
    "node_modules/pipeline-runner": {
      "resolved": "../pipeline-runner",
      "link": true
    }
  }
}
